Microsoft Visual Studio Solution File, Format Version 12.00
# Visual Studio Version 17
VisualStudioVersion = 17.0.0.0
MinimumVisualStudioVersion = 17.0.0.0
Project("{9A19103F-16F7-4668-BE54-9A1E7A4F7556}") = "ImpowerRetro", "ImpowerRetro.csproj", "{E9C8BEAB-FA6A-4C04-A25B-8A95F6EC94F5}"
EndProject
Global
	GlobalSection(SolutionConfigurationPlatforms) = preSolution
		Debug|Any CPU = Debug|Any CPU
		Release|Any CPU = Release|Any CPU
	EndGlobalSection
	GlobalSection(ProjectConfigurationPlatforms) = postSolution
		{E9C8BEAB-FA6A-4C04-A25B-8A95F6EC94F5}.Debug|Any CPU.ActiveCfg = Debug|Any CPU
		{E9C8BEAB-FA6A-4C04-A25B-8A95F6EC94F5}.Debug|Any CPU.Build.0 = Debug|Any CPU
		{E9C8BEAB-FA6A-4C04-A25B-8A95F6EC94F5}.Release|Any CPU.ActiveCfg = Release|Any CPU
		{E9C8BEAB-FA6A-4C04-A25B-8A95F6EC94F5}.Release|Any CPU.Build.0 = Release|Any CPU
	EndGlobalSection
	GlobalSection(SolutionProperties) = preSolution
		HideSolutionNode = FALSE
	EndGlobalSection
	GlobalSection(ExtensibilityGlobals) = postSolution
		SolutionGuid = {B7216C4E-942A-4E7D-B863-86F0B030779A}
	EndGlobalSection
EndGlobal
